
Microsoft Visual Studio Solution File, Format Version 12.00
# Visual Studio Version 16
VisualStudioVersion = 16.0.30413.136
MinimumVisualStudioVersion = 10.0.40219.1
Project("{FAE04EC0-301F-11D3-BF4B-00C04F79EFBC}") = "githubfirst", "githubfirst\githubfirst.csproj", "{0C5BEB29-E4A4-4BB2-8D62-D6B393B97632}"
EndProject
Global
	GlobalSection(SolutionConfigurationPlatforms) = preSolution
		Debug|Any CPU = Debug|Any CPU
		Release|Any CPU = Release|Any CPU
	EndGlobalSection
	GlobalSection(ProjectConfigurationPlatforms) = postSolution
		{0C5BEB29-E4A4-4BB2-8D62-D6B393B97632}.Debug|Any CPU.ActiveCfg = Debug|Any CPU
		{0C5BEB29-E4A4-4BB2-8D62-D6B393B97632}.Debug|Any CPU.Build.0 = Debug|Any CPU
		{0C5BEB29-E4A4-4BB2-8D62-D6B393B97632}.Release|Any CPU.ActiveCfg = Release|Any CPU
		{0C5BEB29-E4A4-4BB2-8D62-D6B393B97632}.Release|Any CPU.Build.0 = Release|Any CPU
	EndGlobalSection
	GlobalSection(SolutionProperties) = preSolution
		HideSolutionNode = FALSE
	EndGlobalSection
	GlobalSection(ExtensibilityGlobals) = postSolution
		SolutionGuid = {5D75672F-CF51-4412-A01E-B4E5CEB23AB3}
	EndGlobalSection
EndGlobal
